
Microsoft Visual Studio Solution File, Format Version 12.00
# Visual Studio Version 17
VisualStudioVersion = 17.0.31919.166
MinimumVisualStudioVersion = 10.0.40219.1
Project("{FAE04EC0-301F-11D3-BF4B-00C04F79EFBC}") = "Publish", "Publish\Publish.csproj", "{943F5347-A01F-406C-A84C-35A99B3723E4}"
EndProject
Project("{FAE04EC0-301F-11D3-BF4B-00C04F79EFBC}") = "Subscribe", "Subscribe\Subscribe.csproj", "{A2C955CA-9FDE-402E-A695-04A55092E4F1}"
EndProject
Global
	GlobalSection(SolutionConfigurationPlatforms) = preSolution
		Debug|Any CPU = Debug|Any CPU
		Release|Any CPU = Release|Any CPU
	EndGlobalSection
	GlobalSection(ProjectConfigurationPlatforms) = postSolution
		{943F5347-A01F-406C-A84C-35A99B3723E4}.Debug|Any CPU.ActiveCfg = Debug|Any CPU
		{943F5347-A01F-406C-A84C-35A99B3723E4}.Debug|Any CPU.Build.0 = Debug|Any CPU
		{943F5347-A01F-406C-A84C-35A99B3723E4}.Release|Any CPU.ActiveCfg = Release|Any CPU
		{943F5347-A01F-406C-A84C-35A99B3723E4}.Release|Any CPU.Build.0 = Release|Any CPU
		{A2C955CA-9FDE-402E-A695-04A55092E4F1}.Debug|Any CPU.ActiveCfg = Debug|Any CPU
		{A2C955CA-9FDE-402E-A695-04A55092E4F1}.Debug|Any CPU.Build.0 = Debug|Any CPU
		{A2C955CA-9FDE-402E-A695-04A55092E4F1}.Release|Any CPU.ActiveCfg = Release|Any CPU
		{A2C955CA-9FDE-402E-A695-04A55092E4F1}.Release|Any CPU.Build.0 = Release|Any CPU
	EndGlobalSection
	GlobalSection(SolutionProperties) = preSolution
		HideSolutionNode = FALSE
	EndGlobalSection
	GlobalSection(ExtensibilityGlobals) = postSolution
		SolutionGuid = {6BB1D088-A6E8-4CE1-99EE-BFE7D2021EF9}
	EndGlobalSection
EndGlobal
